// !$*UTF8*$!
{
	archiveVersion = 1;
	classes = {
	};
	objectVersion = 56;
	objects = {

/* Begin PBXBuildFile section */
		A14430BA2B294E7100589270 /* iActivityIndicatorStyle.swift in Sources */ = {isa = PBXBuildFile; fileRef = A14430B52B294E7000589270 /* iActivityIndicatorStyle.swift */; };
		A14430BB2B294E7100589270 /* RowOfShapes.swift in Sources */ = {isa = PBXBuildFile; fileRef = A14430B62B294E7000589270 /* RowOfShapes.swift */; };
		A14430BC2B294E7100589270 /* StyleModifier.swift in Sources */ = {isa = PBXBuildFile; fileRef = A14430B72B294E7000589270 /* StyleModifier.swift */; };
		A14430BD2B294E7100589270 /* RotatingShapes.swift in Sources */ = {isa = PBXBuildFile; fileRef = A14430B82B294E7000589270 /* RotatingShapes.swift */; };
		A14430BE2B294E7100589270 /* iActivityIndicator.swift in Sources */ = {isa = PBXBuildFile; fileRef = A14430B92B294E7000589270 /* iActivityIndicator.swift */; };
		A14430C02B29564B00589270 /* Loadder.swift in Sources */ = {isa = PBXBuildFile; fileRef = A14430BF2B29564B00589270 /* Loadder.swift */; };
		A14430C22B297DA600589270 /* AlertHelperKit.swift in Sources */ = {isa = PBXBuildFile; fileRef = A14430C12B297DA600589270 /* AlertHelperKit.swift */; };
		A146B6C72B271AF400A3650E /* AllInOne_SwiftUIApp.swift in Sources */ = {isa = PBXBuildFile; fileRef = A146B6C62B271AF400A3650E /* AllInOne_SwiftUIApp.swift */; };
		A146B6CB2B271AF600A3650E /* Assets.xcassets in Resources */ = {isa = PBXBuildFile; fileRef = A146B6CA2B271AF600A3650E /* Assets.xcassets */; };
		A146B6CE2B271AF600A3650E /* Preview Assets.xcassets in Resources */ = {isa = PBXBuildFile; fileRef = A146B6CD2B271AF600A3650E /* Preview Assets.xcassets */; };
		A146B6DB2B271CD800A3650E /* MainTabbedView.swift in Sources */ = {isa = PBXBuildFile; fileRef = A146B6D92B271CD800A3650E /* MainTabbedView.swift */; };
		A146B6E12B271D5900A3650E /* TimeDiff.swift in Sources */ = {isa = PBXBuildFile; fileRef = A146B6DD2B271D5900A3650E /* TimeDiff.swift */; };
		A146B6E22B271D5900A3650E /* DairyView.swift in Sources */ = {isa = PBXBuildFile; fileRef = A146B6DE2B271D5900A3650E /* DairyView.swift */; };
		A146B6E32B271D5900A3650E /* ExpensesView.swift in Sources */ = {isa = PBXBuildFile; fileRef = A146B6DF2B271D5900A3650E /* ExpensesView.swift */; };
		A146B6E42B271D5900A3650E /* HomeView.swift in Sources */ = {isa = PBXBuildFile; fileRef = A146B6E02B271D5900A3650E /* HomeView.swift */; };
		A146B6E82B271D6100A3650E /* SideMenuView.swift in Sources */ = {isa = PBXBuildFile; fileRef = A146B6E62B271D6100A3650E /* SideMenuView.swift */; };
		A146B6E92B271D6100A3650E /* SideMenu.swift in Sources */ = {isa = PBXBuildFile; fileRef = A146B6E72B271D6100A3650E /* SideMenu.swift */; };
		A146B6EB2B2728D400A3650E /* ExpenseListVCWrapper.swift in Sources */ = {isa = PBXBuildFile; fileRef = A146B6EA2B2728D300A3650E /* ExpenseListVCWrapper.swift */; };
		A166B9142B27E343001D1CC6 /* FirebaseAnalytics in Frameworks */ = {isa = PBXBuildFile; productRef = A166B9132B27E343001D1CC6 /* FirebaseAnalytics */; };
		A166B9162B27E343001D1CC6 /* FirebaseAnalyticsOnDeviceConversion in Frameworks */ = {isa = PBXBuildFile; productRef = A166B9152B27E343001D1CC6 /* FirebaseAnalyticsOnDeviceConversion */; };
		A166B9182B27E343001D1CC6 /* FirebaseAnalyticsSwift in Frameworks */ = {isa = PBXBuildFile; productRef = A166B9172B27E343001D1CC6 /* FirebaseAnalyticsSwift */; };
		A166B91A2B27E343001D1CC6 /* FirebaseAnalyticsWithoutAdIdSupport in Frameworks */ = {isa = PBXBuildFile; productRef = A166B9192B27E343001D1CC6 /* FirebaseAnalyticsWithoutAdIdSupport */; };
		A166B91C2B27E343001D1CC6 /* FirebaseAppCheck in Frameworks */ = {isa = PBXBuildFile; productRef = A166B91B2B27E343001D1CC6 /* FirebaseAppCheck */; };
		A166B9252B27E38B001D1CC6 /* Constants.swift in Sources */ = {isa = PBXBuildFile; fileRef = A166B91E2B27E38B001D1CC6 /* Constants.swift */; };
		A166B9262B27E38B001D1CC6 /* RecordVC.swift in Sources */ = {isa = PBXBuildFile; fileRef = A166B91F2B27E38B001D1CC6 /* RecordVC.swift */; };
		A166B9272B27E38B001D1CC6 /* ExpenseListVC.swift in Sources */ = {isa = PBXBuildFile; fileRef = A166B9202B27E38B001D1CC6 /* ExpenseListVC.swift */; };
		A166B9282B27E38B001D1CC6 /* ExpenseCell.xib in Resources */ = {isa = PBXBuildFile; fileRef = A166B9212B27E38B001D1CC6 /* ExpenseCell.xib */; };
		A166B9292B27E38B001D1CC6 /* ExpenseCell.swift in Sources */ = {isa = PBXBuildFile; fileRef = A166B9222B27E38B001D1CC6 /* ExpenseCell.swift */; };
		A166B92A2B27E38B001D1CC6 /* RecordModel.swift in Sources */ = {isa = PBXBuildFile; fileRef = A166B9232B27E38B001D1CC6 /* RecordModel.swift */; };
		A166B92B2B27E38B001D1CC6 /* AddRecordVC.swift in Sources */ = {isa = PBXBuildFile; fileRef = A166B9242B27E38B001D1CC6 /* AddRecordVC.swift */; };
		A166B9342B27E3E0001D1CC6 /* UIHelper.swift in Sources */ = {isa = PBXBuildFile; fileRef = A166B9302B27E3E0001D1CC6 /* UIHelper.swift */; };
		A166B9352B27E3E0001D1CC6 /* ActivityIndicatorVC.swift in Sources */ = {isa = PBXBuildFile; fileRef = A166B9312B27E3E0001D1CC6 /* ActivityIndicatorVC.swift */; };
		A166B93A2B27E3F3001D1CC6 /* GoogleService-Info.plist in Resources */ = {isa = PBXBuildFile; fileRef = A166B9382B27E3F3001D1CC6 /* GoogleService-Info.plist */; };
		A166B93B2B27E3F3001D1CC6 /* FireBaseManager.swift in Sources */ = {isa = PBXBuildFile; fileRef = A166B9392B27E3F3001D1CC6 /* FireBaseManager.swift */; };
		A166B93D2B27E4B7001D1CC6 /* FirebaseAnalytics in Frameworks */ = {isa = PBXBuildFile; productRef = A166B93C2B27E4B7001D1CC6 /* FirebaseAnalytics */; };
		A166B93F2B27E4B7001D1CC6 /* FirebaseAnalyticsOnDeviceConversion in Frameworks */ = {isa = PBXBuildFile; productRef = A166B93E2B27E4B7001D1CC6 /* FirebaseAnalyticsOnDeviceConversion */; };
		A166B9412B27E4B7001D1CC6 /* FirebaseAnalyticsSwift in Frameworks */ = {isa = PBXBuildFile; productRef = A166B9402B27E4B7001D1CC6 /* FirebaseAnalyticsSwift */; };
		A166B9432B27E4B7001D1CC6 /* FirebaseAnalyticsWithoutAdIdSupport in Frameworks */ = {isa = PBXBuildFile; productRef = A166B9422B27E4B7001D1CC6 /* FirebaseAnalyticsWithoutAdIdSupport */; };
		A166B9452B27E4B7001D1CC6 /* FirebaseAppCheck in Frameworks */ = {isa = PBXBuildFile; productRef = A166B9442B27E4B7001D1CC6 /* FirebaseAppCheck */; };
		A166B9472B27E4B7001D1CC6 /* FirebaseAppDistribution-Beta in Frameworks */ = {isa = PBXBuildFile; productRef = A166B9462B27E4B7001D1CC6 /* FirebaseAppDistribution-Beta */; };
		A166B9492B27E4B7001D1CC6 /* FirebaseAuth in Frameworks */ = {isa = PBXBuildFile; productRef = A166B9482B27E4B7001D1CC6 /* FirebaseAuth */; };
		A166B94B2B27E4B7001D1CC6 /* FirebaseAuthCombine-Community in Frameworks */ = {isa = PBXBuildFile; productRef = A166B94A2B27E4B7001D1CC6 /* FirebaseAuthCombine-Community */; };
		A166B94D2B27E4B7001D1CC6 /* FirebaseCrashlytics in Frameworks */ = {isa = PBXBuildFile; productRef = A166B94C2B27E4B7001D1CC6 /* FirebaseCrashlytics */; };
		A166B94F2B27E4B7001D1CC6 /* FirebaseDatabase in Frameworks */ = {isa = PBXBuildFile; productRef = A166B94E2B27E4B7001D1CC6 /* FirebaseDatabase */; };
		A166B9512B27E4B7001D1CC6 /* FirebaseDatabaseSwift in Frameworks */ = {isa = PBXBuildFile; productRef = A166B9502B27E4B7001D1CC6 /* FirebaseDatabaseSwift */; };
		A166B9532B27E4B7001D1CC6 /* FirebaseDynamicLinks in Frameworks */ = {isa = PBXBuildFile; productRef = A166B9522B27E4B7001D1CC6 /* FirebaseDynamicLinks */; };
		A166B9552B27E4B7001D1CC6 /* FirebaseFirestoreCombine-Community in Frameworks */ = {isa = PBXBuildFile; productRef = A166B9542B27E4B7001D1CC6 /* FirebaseFirestoreCombine-Community */; };
		A166B9572B27E4B7001D1CC6 /* FirebaseFirestoreSwift in Frameworks */ = {isa = PBXBuildFile; productRef = A166B9562B27E4B7001D1CC6 /* FirebaseFirestoreSwift */; };
		A166B9592B27E4B7001D1CC6 /* FirebaseFunctions in Frameworks */ = {isa = PBXBuildFile; productRef = A166B9582B27E4B7001D1CC6 /* FirebaseFunctions */; };
		A166B95B2B27E4B7001D1CC6 /* FirebaseFunctionsCombine-Community in Frameworks */ = {isa = PBXBuildFile; productRef = A166B95A2B27E4B7001D1CC6 /* FirebaseFunctionsCombine-Community */; };
		A166B95D2B27E4B7001D1CC6 /* FirebaseInAppMessaging-Beta in Frameworks */ = {isa = PBXBuildFile; productRef = A166B95C2B27E4B7001D1CC6 /* FirebaseInAppMessaging-Beta */; };
		A166B95F2B27E4B7001D1CC6 /* FirebaseInAppMessagingSwift-Beta in Frameworks */ = {isa = PBXBuildFile; productRef = A166B95E2B27E4B7001D1CC6 /* FirebaseInAppMessagingSwift-Beta */; };
		A166B9612B27E4B7001D1CC6 /* FirebaseInstallations in Frameworks */ = {isa = PBXBuildFile; productRef = A166B9602B27E4B7001D1CC6 /* FirebaseInstallations */; };
		A166B9632B27E4B7001D1CC6 /* FirebaseMLModelDownloader in Frameworks */ = {isa = PBXBuildFile; productRef = A166B9622B27E4B7001D1CC6 /* FirebaseMLModelDownloader */; };
		A166B9652B27E4B7001D1CC6 /* FirebaseMessaging in Frameworks */ = {isa = PBXBuildFile; productRef = A166B9642B27E4B7001D1CC6 /* FirebaseMessaging */; };
		A166B9672B27E4B7001D1CC6 /* FirebasePerformance in Frameworks */ = {isa = PBXBuildFile; productRef = A166B9662B27E4B7001D1CC6 /* FirebasePerformance */; };
		A166B9692B27E4B7001D1CC6 /* FirebaseRemoteConfig in Frameworks */ = {isa = PBXBuildFile; productRef = A166B9682B27E4B7001D1CC6 /* FirebaseRemoteConfig */; };
		A166B96B2B27E4B7001D1CC6 /* FirebaseRemoteConfigSwift in Frameworks */ = {isa = PBXBuildFile; productRef = A166B96A2B27E4B7001D1CC6 /* FirebaseRemoteConfigSwift */; };
		A166B96D2B27E4B7001D1CC6 /* FirebaseStorage in Frameworks */ = {isa = PBXBuildFile; productRef = A166B96C2B27E4B7001D1CC6 /* FirebaseStorage */; };
		A166B96F2B27E4B7001D1CC6 /* FirebaseStorageCombine-Community in Frameworks */ = {isa = PBXBuildFile; productRef = A166B96E2B27E4B7001D1CC6 /* FirebaseStorageCombine-Community */; };
		A1A68C042B29AB3C00C9EE2C /* ExpenseListVC+SalaryPopup.swift in Sources */ = {isa = PBXBuildFile; fileRef = A1A68C032B29AB3C00C9EE2C /* ExpenseListVC+SalaryPopup.swift */; };
		A1A68C062B29B67C00C9EE2C /* Constant.swift in Sources */ = {isa = PBXBuildFile; fileRef = A1A68C052B29B67C00C9EE2C /* Constant.swift */; };
		A1A68C082B29BAF700C9EE2C /* FireBaseManager+Expenses.swift in Sources */ = {isa = PBXBuildFile; fileRef = A1A68C072B29BAF700C9EE2C /* FireBaseManager+Expenses.swift */; };
		A1A68C0A2B29BB3400C9EE2C /* DataHelper.swift in Sources */ = {isa = PBXBuildFile; fileRef = A1A68C092B29BB3400C9EE2C /* DataHelper.swift */; };
		A1A68C0C2B29BBCA00C9EE2C /* DataHelper+Hex.swift in Sources */ = {isa = PBXBuildFile; fileRef = A1A68C0B2B29BBCA00C9EE2C /* DataHelper+Hex.swift */; };
		A1A68C0E2B29C6EE00C9EE2C /* FireBaseManager+Salary.swift in Sources */ = {isa = PBXBuildFile; fileRef = A1A68C0D2B29C6EE00C9EE2C /* FireBaseManager+Salary.swift */; };
		A1A68C102B29C75100C9EE2C /* SalayModel.swift in Sources */ = {isa = PBXBuildFile; fileRef = A1A68C0F2B29C75100C9EE2C /* SalayModel.swift */; };
		A1EAC1EA2B288E4700F7DC2F /* SpeechRecognizer.swift in Sources */ = {isa = PBXBuildFile; fileRef = A1EAC1E92B288E4700F7DC2F /* SpeechRecognizer.swift */; };
		A1EAC1EC2B28915100F7DC2F /* Expense.storyboard in Resources */ = {isa = PBXBuildFile; fileRef = A1EAC1EB2B28915100F7DC2F /* Expense.storyboard */; };
		A1EAC1EE2B28949000F7DC2F /* AppDelegate.swift in Sources */ = {isa = PBXBuildFile; fileRef = A1EAC1ED2B28949000F7DC2F /* AppDelegate.swift */; };
		F18EAB6F2B2D85A20017E83E /* Protocols.swift in Sources */ = {isa = PBXBuildFile; fileRef = F18EAB6E2B2D85A20017E83E /* Protocols.swift */; };
		F18EAB722B2DB5D50017E83E /* ReminderView.swift in Sources */ = {isa = PBXBuildFile; fileRef = F18EAB702B2DB5D40017E83E /* ReminderView.swift */; };
		F18EAB732B2DB5D50017E83E /* AgeDiff.swift in Sources */ = {isa = PBXBuildFile; fileRef = F18EAB712B2DB5D50017E83E /* AgeDiff.swift */; };
/* End PBXBuildFile section */

/* Begin PBXFileReference section */
		A14430B52B294E7000589270 /* iActivityIndicatorStyle.swift */ = {isa = PBXFileReference; fileEncoding = 4; lastKnownFileType = sourcecode.swift; path = iActivityIndicatorStyle.swift; sourceTree = "<group>"; };
		A14430B62B294E7000589270 /* RowOfShapes.swift */ = {isa = PBXFileReference; fileEncoding = 4; lastKnownFileType = sourcecode.swift; path = RowOfShapes.swift; sourceTree = "<group>"; };
		A14430B72B294E7000589270 /* StyleModifier.swift */ = {isa = PBXFileReference; fileEncoding = 4; lastKnownFileType = sourcecode.swift; path = StyleModifier.swift; sourceTree = "<group>"; };
		A14430B82B294E7000589270 /* RotatingShapes.swift */ = {isa = PBXFileReference; fileEncoding = 4; lastKnownFileType = sourcecode.swift; path = RotatingShapes.swift; sourceTree = "<group>"; };
		A14430B92B294E7000589270 /* iActivityIndicator.swift */ = {isa = PBXFileReference; fileEncoding = 4; lastKnownFileType = sourcecode.swift; path = iActivityIndicator.swift; sourceTree = "<group>"; };
		A14430BF2B29564B00589270 /* Loadder.swift */ = {isa = PBXFileReference; lastKnownFileType = sourcecode.swift; path = Loadder.swift; sourceTree = "<group>"; };
		A14430C12B297DA600589270 /* AlertHelperKit.swift */ = {isa = PBXFileReference; fileEncoding = 4; lastKnownFileType = sourcecode.swift; path = AlertHelperKit.swift; sourceTree = "<group>"; };
		A146B6C32B271AF400A3650E /* AllInOne.app */ = {isa = PBXFileReference; explicitFileType = wrapper.application; includeInIndex = 0; path = AllInOne.app; sourceTree = BUILT_PRODUCTS_DIR; };
		A146B6C62B271AF400A3650E /* AllInOne_SwiftUIApp.swift */ = {isa = PBXFileReference; lastKnownFileType = sourcecode.swift; path = AllInOne_SwiftUIApp.swift; sourceTree = "<group>"; };
		A146B6CA2B271AF600A3650E /* Assets.xcassets */ = {isa = PBXFileReference; lastKnownFileType = folder.assetcatalog; path = Assets.xcassets; sourceTree = "<group>"; };
		A146B6CD2B271AF600A3650E /* Preview Assets.xcassets */ = {isa = PBXFileReference; lastKnownFileType = folder.assetcatalog; path = "Preview Assets.xcassets"; sourceTree = "<group>"; };
		A146B6D92B271CD800A3650E /* MainTabbedView.swift */ = {isa = PBXFileReference; fileEncoding = 4; lastKnownFileType = sourcecode.swift; path = MainTabbedView.swift; sourceTree = "<group>"; };
		A146B6DD2B271D5900A3650E /* TimeDiff.swift */ = {isa = PBXFileReference; fileEncoding = 4; lastKnownFileType = sourcecode.swift; path = TimeDiff.swift; sourceTree = "<group>"; };
		A146B6DE2B271D5900A3650E /* DairyView.swift */ = {isa = PBXFileReference; fileEncoding = 4; lastKnownFileType = sourcecode.swift; path = DairyView.swift; sourceTree = "<group>"; };
		A146B6DF2B271D5900A3650E /* ExpensesView.swift */ = {isa = PBXFileReference; fileEncoding = 4; lastKnownFileType = sourcecode.swift; path = ExpensesView.swift; sourceTree = "<group>"; };
		A146B6E02B271D5900A3650E /* HomeView.swift */ = {isa = PBXFileReference; fileEncoding = 4; lastKnownFileType = sourcecode.swift; path = HomeView.swift; sourceTree = "<group>"; };
		A146B6E62B271D6100A3650E /* SideMenuView.swift */ = {isa = PBXFileReference; fileEncoding = 4; lastKnownFileType = sourcecode.swift; path = SideMenuView.swift; sourceTree = "<group>"; };
		A146B6E72B271D6100A3650E /* SideMenu.swift */ = {isa = PBXFileReference; fileEncoding = 4; lastKnownFileType = sourcecode.swift; path = SideMenu.swift; sourceTree = "<group>"; };
		A146B6EA2B2728D300A3650E /* ExpenseListVCWrapper.swift */ = {isa = PBXFileReference; lastKnownFileType = sourcecode.swift; path = ExpenseListVCWrapper.swift; sourceTree = "<group>"; };
		A166B91E2B27E38B001D1CC6 /* Constants.swift */ = {isa = PBXFileReference; fileEncoding = 4; lastKnownFileType = sourcecode.swift; path = Constants.swift; sourceTree = "<group>"; };
		A166B91F2B27E38B001D1CC6 /* RecordVC.swift */ = {isa = PBXFileReference; fileEncoding = 4; lastKnownFileType = sourcecode.swift; path = RecordVC.swift; sourceTree = "<group>"; };
		A166B9202B27E38B001D1CC6 /* ExpenseListVC.swift */ = {isa = PBXFileReference; fileEncoding = 4; lastKnownFileType = sourcecode.swift; path = ExpenseListVC.swift; sourceTree = "<group>"; };
		A166B9212B27E38B001D1CC6 /* ExpenseCell.xib */ = {isa = PBXFileReference; fileEncoding = 4; lastKnownFileType = file.xib; path = ExpenseCell.xib; sourceTree = "<group>"; };
		A166B9222B27E38B001D1CC6 /* ExpenseCell.swift */ = {isa = PBXFileReference; fileEncoding = 4; lastKnownFileType = sourcecode.swift; path = ExpenseCell.swift; sourceTree = "<group>"; };
		A166B9232B27E38B001D1CC6 /* RecordModel.swift */ = {isa = PBXFileReference; fileEncoding = 4; lastKnownFileType = sourcecode.swift; path = RecordModel.swift; sourceTree = "<group>"; };
		A166B9242B27E38B001D1CC6 /* AddRecordVC.swift */ = {isa = PBXFileReference; fileEncoding = 4; lastKnownFileType = sourcecode.swift; path = AddRecordVC.swift; sourceTree = "<group>"; };
		A166B9302B27E3E0001D1CC6 /* UIHelper.swift */ = {isa = PBXFileReference; fileEncoding = 4; lastKnownFileType = sourcecode.swift; path = UIHelper.swift; sourceTree = "<group>"; };
		A166B9312B27E3E0001D1CC6 /* ActivityIndicatorVC.swift */ = {isa = PBXFileReference; fileEncoding = 4; lastKnownFileType = sourcecode.swift; path = ActivityIndicatorVC.swift; sourceTree = "<group>"; };
		A166B9382B27E3F3001D1CC6 /* GoogleService-Info.plist */ = {isa = PBXFileReference; fileEncoding = 4; lastKnownFileType = text.plist.xml; path = "GoogleService-Info.plist"; sourceTree = "<group>"; };
		A166B9392B27E3F3001D1CC6 /* FireBaseManager.swift */ = {isa = PBXFileReference; fileEncoding = 4; lastKnownFileType = sourcecode.swift; path = FireBaseManager.swift; sourceTree = "<group>"; };
		A1A68C032B29AB3C00C9EE2C /* ExpenseListVC+SalaryPopup.swift */ = {isa = PBXFileReference; lastKnownFileType = sourcecode.swift; path = "ExpenseListVC+SalaryPopup.swift"; sourceTree = "<group>"; };
		A1A68C052B29B67C00C9EE2C /* Constant.swift */ = {isa = PBXFileReference; lastKnownFileType = sourcecode.swift; path = Constant.swift; sourceTree = "<group>"; };
		A1A68C072B29BAF700C9EE2C /* FireBaseManager+Expenses.swift */ = {isa = PBXFileReference; lastKnownFileType = sourcecode.swift; path = "FireBaseManager+Expenses.swift"; sourceTree = "<group>"; };
		A1A68C092B29BB3400C9EE2C /* DataHelper.swift */ = {isa = PBXFileReference; lastKnownFileType = sourcecode.swift; path = DataHelper.swift; sourceTree = "<group>"; };
		A1A68C0B2B29BBCA00C9EE2C /* DataHelper+Hex.swift */ = {isa = PBXFileReference; lastKnownFileType = sourcecode.swift; path = "DataHelper+Hex.swift"; sourceTree = "<group>"; };
		A1A68C0D2B29C6EE00C9EE2C /* FireBaseManager+Salary.swift */ = {isa = PBXFileReference; lastKnownFileType = sourcecode.swift; path = "FireBaseManager+Salary.swift"; sourceTree = "<group>"; };
		A1A68C0F2B29C75100C9EE2C /* SalayModel.swift */ = {isa = PBXFileReference; lastKnownFileType = sourcecode.swift; path = SalayModel.swift; sourceTree = "<group>"; };
		A1EAC1E92B288E4700F7DC2F /* SpeechRecognizer.swift */ = {isa = PBXFileReference; fileEncoding = 4; lastKnownFileType = sourcecode.swift; path = SpeechRecognizer.swift; sourceTree = "<group>"; };
		A1EAC1EB2B28915100F7DC2F /* Expense.storyboard */ = {isa = PBXFileReference; fileEncoding = 4; lastKnownFileType = file.storyboard; path = Expense.storyboard; sourceTree = "<group>"; };
		A1EAC1ED2B28949000F7DC2F /* AppDelegate.swift */ = {isa = PBXFileReference; lastKnownFileType = sourcecode.swift; path = AppDelegate.swift; sourceTree = "<group>"; };
		F18EAB6E2B2D85A20017E83E /* Protocols.swift */ = {isa = PBXFileReference; lastKnownFileType = sourcecode.swift; path = Protocols.swift; sourceTree = "<group>"; };
		F18EAB702B2DB5D40017E83E /* ReminderView.swift */ = {isa = PBXFileReference; fileEncoding = 4; lastKnownFileType = sourcecode.swift; path = ReminderView.swift; sourceTree = "<group>"; };
		F18EAB712B2DB5D50017E83E /* AgeDiff.swift */ = {isa = PBXFileReference; fileEncoding = 4; lastKnownFileType = sourcecode.swift; path = AgeDiff.swift; sourceTree = "<group>"; };
/* End PBXFileReference section */

/* Begin PBXFrameworksBuildPhase section */
		A146B6C02B271AF400A3650E /* Frameworks */ = {
			isa = PBXFrameworksBuildPhase;
			buildActionMask = 2147483647;
			files = (
				A166B94F2B27E4B7001D1CC6 /* FirebaseDatabase in Frameworks */,
				A166B9182B27E343001D1CC6 /* FirebaseAnalyticsSwift in Frameworks */,
				A166B9672B27E4B7001D1CC6 /* FirebasePerformance in Frameworks */,
				A166B9692B27E4B7001D1CC6 /* FirebaseRemoteConfig in Frameworks */,
				A166B9142B27E343001D1CC6 /* FirebaseAnalytics in Frameworks */,
				A166B9612B27E4B7001D1CC6 /* FirebaseInstallations in Frameworks */,
				A166B9552B27E4B7001D1CC6 /* FirebaseFirestoreCombine-Community in Frameworks */,
				A166B95F2B27E4B7001D1CC6 /* FirebaseInAppMessagingSwift-Beta in Frameworks */,
				A166B93D2B27E4B7001D1CC6 /* FirebaseAnalytics in Frameworks */,
				A166B9632B27E4B7001D1CC6 /* FirebaseMLModelDownloader in Frameworks */,
				A166B9652B27E4B7001D1CC6 /* FirebaseMessaging in Frameworks */,
				A166B9572B27E4B7001D1CC6 /* FirebaseFirestoreSwift in Frameworks */,
				A166B94D2B27E4B7001D1CC6 /* FirebaseCrashlytics in Frameworks */,
				A166B9592B27E4B7001D1CC6 /* FirebaseFunctions in Frameworks */,
				A166B9532B27E4B7001D1CC6 /* FirebaseDynamicLinks in Frameworks */,
				A166B93F2B27E4B7001D1CC6 /* FirebaseAnalyticsOnDeviceConversion in Frameworks */,
				A166B94B2B27E4B7001D1CC6 /* FirebaseAuthCombine-Community in Frameworks */,
				A166B9412B27E4B7001D1CC6 /* FirebaseAnalyticsSwift in Frameworks */,
				A166B9512B27E4B7001D1CC6 /* FirebaseDatabaseSwift in Frameworks */,
				A166B9162B27E343001D1CC6 /* FirebaseAnalyticsOnDeviceConversion in Frameworks */,
				A166B95B2B27E4B7001D1CC6 /* FirebaseFunctionsCombine-Community in Frameworks */,
				A166B91C2B27E343001D1CC6 /* FirebaseAppCheck in Frameworks */,
				A166B9492B27E4B7001D1CC6 /* FirebaseAuth in Frameworks */,
				A166B96D2B27E4B7001D1CC6 /* FirebaseStorage in Frameworks */,
				A166B95D2B27E4B7001D1CC6 /* FirebaseInAppMessaging-Beta in Frameworks */,
				A166B96B2B27E4B7001D1CC6 /* FirebaseRemoteConfigSwift in Frameworks */,
				A166B9432B27E4B7001D1CC6 /* FirebaseAnalyticsWithoutAdIdSupport in Frameworks */,
				A166B96F2B27E4B7001D1CC6 /* FirebaseStorageCombine-Community in Frameworks */,
				A166B9452B27E4B7001D1CC6 /* FirebaseAppCheck in Frameworks */,
				A166B9472B27E4B7001D1CC6 /* FirebaseAppDistribution-Beta in Frameworks */,
				A166B91A2B27E343001D1CC6 /* FirebaseAnalyticsWithoutAdIdSupport in Frameworks */,
			);
			runOnlyForDeploymentPostprocessing = 0;
		};
/* End PBXFrameworksBuildPhase section */

/* Begin PBXGroup section */
		A14430822B2935AF00589270 /* UIKitWrapperClasses */ = {
			isa = PBXGroup;
			children = (
				A146B6EA2B2728D300A3650E /* ExpenseListVCWrapper.swift */,
			);
			path = UIKitWrapperClasses;
			sourceTree = "<group>";
		};
		A14430832B2935ED00589270 /* Dairy */ = {
			isa = PBXGroup;
			children = (
				A1EAC1E92B288E4700F7DC2F /* SpeechRecognizer.swift */,
			);
			path = Dairy;
			sourceTree = "<group>";
		};
		A14430842B29360200589270 /* RemindMe */ = {
			isa = PBXGroup;
			children = (
				F18EAB702B2DB5D40017E83E /* ReminderView.swift */,
			);
			name = RemindMe;
			path = ../RemindMe;
			sourceTree = "<group>";
		};
		A14430852B29360200589270 /* TimeDiff */ = {
			isa = PBXGroup;
			children = (
				A146B6DD2B271D5900A3650E /* TimeDiff.swift */,
			);
			name = TimeDiff;
			path = ../TimeDiff;
			sourceTree = "<group>";
		};
		A14430862B29360200589270 /* AgeCaluculator */ = {
			isa = PBXGroup;
			children = (
				F18EAB712B2DB5D50017E83E /* AgeDiff.swift */,
			);
			name = AgeCaluculator;
			path = ../AgeCaluculator;
			sourceTree = "<group>";
		};
		A14430B42B294E7000589270 /* ActivityIndicator */ = {
			isa = PBXGroup;
			children = (
				A166B9312B27E3E0001D1CC6 /* ActivityIndicatorVC.swift */,
				A14430BF2B29564B00589270 /* Loadder.swift */,
				A14430B52B294E7000589270 /* iActivityIndicatorStyle.swift */,
				A14430B62B294E7000589270 /* RowOfShapes.swift */,
				A14430B72B294E7000589270 /* StyleModifier.swift */,
				A14430B82B294E7000589270 /* RotatingShapes.swift */,
				A14430B92B294E7000589270 /* iActivityIndicator.swift */,
			);
			path = ActivityIndicator;
			sourceTree = "<group>";
		};
		A146B6BA2B271AF400A3650E = {
			isa = PBXGroup;
			children = (
				A146B6C52B271AF400A3650E /* AllInOne */,
				A146B6C42B271AF400A3650E /* Products */,
			);
			sourceTree = "<group>";
		};
		A146B6C42B271AF400A3650E /* Products */ = {
			isa = PBXGroup;
			children = (
				A146B6C32B271AF400A3650E /* AllInOne.app */,
			);
			name = Products;
			sourceTree = "<group>";
		};
		A146B6C52B271AF400A3650E /* AllInOne */ = {
			isa = PBXGroup;
			children = (
				A1EAC1ED2B28949000F7DC2F /* AppDelegate.swift */,
				A146B6C62B271AF400A3650E /* AllInOne_SwiftUIApp.swift */,
				F18EAB6E2B2D85A20017E83E /* Protocols.swift */,
				A146B6CA2B271AF600A3650E /* Assets.xcassets */,
				A14430832B2935ED00589270 /* Dairy */,
				A14430822B2935AF00589270 /* UIKitWrapperClasses */,
				A166B9372B27E3F3001D1CC6 /* FireBase */,
				A166B92E2B27E3E0001D1CC6 /* UIHelper */,
				A166B91D2B27E38B001D1CC6 /* Expense */,
				A146B6DC2B271D5900A3650E /* ManuItems */,
				A146B6E52B271D6100A3650E /* SideMenu */,
				A146B6CC2B271AF600A3650E /* Preview Content */,
			);
			path = AllInOne;
			sourceTree = "<group>";
		};
		A146B6CC2B271AF600A3650E /* Preview Content */ = {
			isa = PBXGroup;
			children = (
				A146B6CD2B271AF600A3650E /* Preview Assets.xcassets */,
			);
			path = "Preview Content";
			sourceTree = "<group>";
		};
		A146B6DC2B271D5900A3650E /* ManuItems */ = {
			isa = PBXGroup;
			children = (
				A14430842B29360200589270 /* RemindMe */,
				A14430852B29360200589270 /* TimeDiff */,
				F18EAB742B2DB6560017E83E /* Home */,
				A14430862B29360200589270 /* AgeCaluculator */,
				A146B6DE2B271D5900A3650E /* DairyView.swift */,
				F18EAB752B2DB6D10017E83E /* Expenses */,
			);
			path = ManuItems;
			sourceTree = "<group>";
		};
		A146B6E52B271D6100A3650E /* SideMenu */ = {
			isa = PBXGroup;
			children = (
				A146B6D92B271CD800A3650E /* MainTabbedView.swift */,
				A146B6E62B271D6100A3650E /* SideMenuView.swift */,
				A146B6E72B271D6100A3650E /* SideMenu.swift */,
			);
			path = SideMenu;
			sourceTree = "<group>";
		};
		A166B91D2B27E38B001D1CC6 /* Expense */ = {
			isa = PBXGroup;
			children = (
				A166B91E2B27E38B001D1CC6 /* Constants.swift */,
				A166B91F2B27E38B001D1CC6 /* RecordVC.swift */,
				A1EAC1EB2B28915100F7DC2F /* Expense.storyboard */,
				A166B9202B27E38B001D1CC6 /* ExpenseListVC.swift */,
				A1A68C032B29AB3C00C9EE2C /* ExpenseListVC+SalaryPopup.swift */,
				A166B9212B27E38B001D1CC6 /* ExpenseCell.xib */,
				A166B9222B27E38B001D1CC6 /* ExpenseCell.swift */,
				A166B9232B27E38B001D1CC6 /* RecordModel.swift */,
				A1A68C0F2B29C75100C9EE2C /* SalayModel.swift */,
				A166B9242B27E38B001D1CC6 /* AddRecordVC.swift */,
			);
			path = Expense;
			sourceTree = "<group>";
		};
		A166B92E2B27E3E0001D1CC6 /* UIHelper */ = {
			isa = PBXGroup;
			children = (
				A14430C12B297DA600589270 /* AlertHelperKit.swift */,
				A14430B42B294E7000589270 /* ActivityIndicator */,
				A166B9302B27E3E0001D1CC6 /* UIHelper.swift */,
			);
			path = UIHelper;
			sourceTree = "<group>";
		};
		A166B9372B27E3F3001D1CC6 /* FireBase */ = {
			isa = PBXGroup;
			children = (
				A166B9382B27E3F3001D1CC6 /* GoogleService-Info.plist */,
				A166B9392B27E3F3001D1CC6 /* FireBaseManager.swift */,
				A1A68C072B29BAF700C9EE2C /* FireBaseManager+Expenses.swift */,
				A1A68C0D2B29C6EE00C9EE2C /* FireBaseManager+Salary.swift */,
				A1A68C092B29BB3400C9EE2C /* DataHelper.swift */,
				A1A68C0B2B29BBCA00C9EE2C /* DataHelper+Hex.swift */,
				A1A68C052B29B67C00C9EE2C /* Constant.swift */,
			);
			path = FireBase;
			sourceTree = "<group>";
		};
		F18EAB742B2DB6560017E83E /* Home */ = {
			isa = PBXGroup;
			children = (
				A146B6E02B271D5900A3650E /* HomeView.swift */,
			);
			path = Home;
			sourceTree = "<group>";
		};
		F18EAB752B2DB6D10017E83E /* Expenses */ = {
			isa = PBXGroup;
			children = (
				A146B6DF2B271D5900A3650E /* ExpensesView.swift */,
			);
			path = Expenses;
			sourceTree = "<group>";
		};
/* End PBXGroup section */

/* Begin PBXNativeTarget section */
		A146B6C22B271AF400A3650E /* AllInOne */ = {
			isa = PBXNativeTarget;
			buildConfigurationList = A146B6D12B271AF600A3650E /* Build configuration list for PBXNativeTarget "AllInOne" */;
			buildPhases = (
				A146B6BF2B271AF400A3650E /* Sources */,
				A146B6C02B271AF400A3650E /* Frameworks */,
				A146B6C12B271AF400A3650E /* Resources */,
			);
			buildRules = (
			);
			dependencies = (
			);
			name = AllInOne;
			packageProductDependencies = (
				A166B9132B27E343001D1CC6 /* FirebaseAnalytics */,
				A166B9152B27E343001D1CC6 /* FirebaseAnalyticsOnDeviceConversion */,
				A166B9172B27E343001D1CC6 /* FirebaseAnalyticsSwift */,
				A166B9192B27E343001D1CC6 /* FirebaseAnalyticsWithoutAdIdSupport */,
				A166B91B2B27E343001D1CC6 /* FirebaseAppCheck */,
				A166B93C2B27E4B7001D1CC6 /* FirebaseAnalytics */,
				A166B93E2B27E4B7001D1CC6 /* FirebaseAnalyticsOnDeviceConversion */,
				A166B9402B27E4B7001D1CC6 /* FirebaseAnalyticsSwift */,
				A166B9422B27E4B7001D1CC6 /* FirebaseAnalyticsWithoutAdIdSupport */,
				A166B9442B27E4B7001D1CC6 /* FirebaseAppCheck */,
				A166B9462B27E4B7001D1CC6 /* FirebaseAppDistribution-Beta */,
				A166B9482B27E4B7001D1CC6 /* FirebaseAuth */,
				A166B94A2B27E4B7001D1CC6 /* FirebaseAuthCombine-Community */,
				A166B94C2B27E4B7001D1CC6 /* FirebaseCrashlytics */,
				A166B94E2B27E4B7001D1CC6 /* FirebaseDatabase */,
				A166B9502B27E4B7001D1CC6 /* FirebaseDatabaseSwift */,
				A166B9522B27E4B7001D1CC6 /* FirebaseDynamicLinks */,
				A166B9542B27E4B7001D1CC6 /* FirebaseFirestoreCombine-Community */,
				A166B9562B27E4B7001D1CC6 /* FirebaseFirestoreSwift */,
				A166B9582B27E4B7001D1CC6 /* FirebaseFunctions */,
				A166B95A2B27E4B7001D1CC6 /* FirebaseFunctionsCombine-Community */,
				A166B95C2B27E4B7001D1CC6 /* FirebaseInAppMessaging-Beta */,
				A166B95E2B27E4B7001D1CC6 /* FirebaseInAppMessagingSwift-Beta */,
				A166B9602B27E4B7001D1CC6 /* FirebaseInstallations */,
				A166B9622B27E4B7001D1CC6 /* FirebaseMLModelDownloader */,
				A166B9642B27E4B7001D1CC6 /* FirebaseMessaging */,
				A166B9662B27E4B7001D1CC6 /* FirebasePerformance */,
				A166B9682B27E4B7001D1CC6 /* FirebaseRemoteConfig */,
				A166B96A2B27E4B7001D1CC6 /* FirebaseRemoteConfigSwift */,
				A166B96C2B27E4B7001D1CC6 /* FirebaseStorage */,
				A166B96E2B27E4B7001D1CC6 /* FirebaseStorageCombine-Community */,
			);
			productName = "AllInOne-SwiftUI";
			productReference = A146B6C32B271AF400A3650E /* AllInOne.app */;
			productType = "com.apple.product-type.application";
		};
/* End PBXNativeTarget section */

/* Begin PBXProject section */
		A146B6BB2B271AF400A3650E /* Project object */ = {
			isa = PBXProject;
			attributes = {
				BuildIndependentTargetsInParallel = 1;
				LastSwiftUpdateCheck = 1500;
				LastUpgradeCheck = 1500;
				TargetAttributes = {
					A146B6C22B271AF400A3650E = {
						CreatedOnToolsVersion = 15.0.1;
					};
				};
			};
			buildConfigurationList = A146B6BE2B271AF400A3650E /* Build configuration list for PBXProject "AllInOne" */;
			compatibilityVersion = "Xcode 14.0";
			developmentRegion = en;
			hasScannedForEncodings = 0;
			knownRegions = (
				en,
				Base,
			);
			mainGroup = A146B6BA2B271AF400A3650E;
			packageReferences = (
				A166B9122B27E343001D1CC6 /* XCRemoteSwiftPackageReference "firebase-ios-sdk" */,
			);
			productRefGroup = A146B6C42B271AF400A3650E /* Products */;
			projectDirPath = "";
			projectRoot = "";
			targets = (
				A146B6C22B271AF400A3650E /* AllInOne */,
			);
		};
/* End PBXProject section */

/* Begin PBXResourcesBuildPhase section */
		A146B6C12B271AF400A3650E /* Resources */ = {
			isa = PBXResourcesBuildPhase;
			buildActionMask = 2147483647;
			files = (
				A146B6CE2B271AF600A3650E /* Preview Assets.xcassets in Resources */,
				A1EAC1EC2B28915100F7DC2F /* Expense.storyboard in Resources */,
				A166B93A2B27E3F3001D1CC6 /* GoogleService-Info.plist in Resources */,
				A166B9282B27E38B001D1CC6 /* ExpenseCell.xib in Resources */,
				A146B6CB2B271AF600A3650E /* Assets.xcassets in Resources */,
			);
			runOnlyForDeploymentPostprocessing = 0;
		};
/* End PBXResourcesBuildPhase section */

/* Begin PBXSourcesBuildPhase section */
		A146B6BF2B271AF400A3650E /* Sources */ = {
			isa = PBXSourcesBuildPhase;
			buildActionMask = 2147483647;
			files = (
				A146B6E12B271D5900A3650E /* TimeDiff.swift in Sources */,
				A146B6EB2B2728D400A3650E /* ExpenseListVCWrapper.swift in Sources */,
				A146B6E82B271D6100A3650E /* SideMenuView.swift in Sources */,
				F18EAB732B2DB5D50017E83E /* AgeDiff.swift in Sources */,
				A166B9272B27E38B001D1CC6 /* ExpenseListVC.swift in Sources */,
				F18EAB722B2DB5D50017E83E /* ReminderView.swift in Sources */,
				A166B93B2B27E3F3001D1CC6 /* FireBaseManager.swift in Sources */,
				A1A68C0C2B29BBCA00C9EE2C /* DataHelper+Hex.swift in Sources */,
				A166B92A2B27E38B001D1CC6 /* RecordModel.swift in Sources */,
				A166B9292B27E38B001D1CC6 /* ExpenseCell.swift in Sources */,
				A166B9352B27E3E0001D1CC6 /* ActivityIndicatorVC.swift in Sources */,
				A1A68C0A2B29BB3400C9EE2C /* DataHelper.swift in Sources */,
				A1EAC1EE2B28949000F7DC2F /* AppDelegate.swift in Sources */,
				A1A68C102B29C75100C9EE2C /* SalayModel.swift in Sources */,
				A1A68C042B29AB3C00C9EE2C /* ExpenseListVC+SalaryPopup.swift in Sources */,
				A1A68C062B29B67C00C9EE2C /* Constant.swift in Sources */,
				A14430BA2B294E7100589270 /* iActivityIndicatorStyle.swift in Sources */,
				A146B6E92B271D6100A3650E /* SideMenu.swift in Sources */,
				A146B6E22B271D5900A3650E /* DairyView.swift in Sources */,
				A14430BC2B294E7100589270 /* StyleModifier.swift in Sources */,
				A166B9252B27E38B001D1CC6 /* Constants.swift in Sources */,
				A146B6E32B271D5900A3650E /* ExpensesView.swift in Sources */,
				A14430C02B29564B00589270 /* Loadder.swift in Sources */,
				A1EAC1EA2B288E4700F7DC2F /* SpeechRecognizer.swift in Sources */,
				A146B6E42B271D5900A3650E /* HomeView.swift in Sources */,
				A166B9342B27E3E0001D1CC6 /* UIHelper.swift in Sources */,
				A146B6C72B271AF400A3650E /* AllInOne_SwiftUIApp.swift in Sources */,
				A166B92B2B27E38B001D1CC6 /* AddRecordVC.swift in Sources */,
				A14430BE2B294E7100589270 /* iActivityIndicator.swift in Sources */,
				A14430BB2B294E7100589270 /* RowOfShapes.swift in Sources */,
				A1A68C082B29BAF700C9EE2C /* FireBaseManager+Expenses.swift in Sources */,
				A146B6DB2B271CD800A3650E /* MainTabbedView.swift in Sources */,
				F18EAB6F2B2D85A20017E83E /* Protocols.swift in Sources */,
				A166B9262B27E38B001D1CC6 /* RecordVC.swift in Sources */,
				A14430BD2B294E7100589270 /* RotatingShapes.swift in Sources */,
				A1A68C0E2B29C6EE00C9EE2C /* FireBaseManager+Salary.swift in Sources */,
				A14430C22B297DA600589270 /* AlertHelperKit.swift in Sources */,
			);
			runOnlyForDeploymentPostprocessing = 0;
		};
/* End PBXSourcesBuildPhase section */

/* Begin XCBuildConfiguration section */
		A146B6CF2B271AF600A3650E /* Debug */ = {
			isa = XCBuildConfiguration;
			buildSettings = {
				ALWAYS_SEARCH_USER_PATHS = NO;
				ASSETCATALOG_COMPILER_GENERATE_SWIFT_ASSET_SYMBOL_EXTENSIONS = YES;
				CLANG_ANALYZER_NONNULL = YES;
				CLANG_ANALYZER_NUMBER_OBJECT_CONVERSION = YES_AGGRESSIVE;
				CLANG_CXX_LANGUAGE_STANDARD = "gnu++20";
				CLANG_ENABLE_MODULES = YES;
				CLANG_ENABLE_OBJC_ARC = YES;
				CLANG_ENABLE_OBJC_WEAK = YES;
				CLANG_WARN_BLOCK_CAPTURE_AUTORELEASING = YES;
				CLANG_WARN_BOOL_CONVERSION = YES;
				CLANG_WARN_COMMA = YES;
				CLANG_WARN_CONSTANT_CONVERSION = YES;
				CLANG_WARN_DEPRECATED_OBJC_IMPLEMENTATIONS = YES;
				CLANG_WARN_DIRECT_OBJC_ISA_USAGE = YES_ERROR;
				CLANG_WARN_DOCUMENTATION_COMMENTS = YES;
				CLANG_WARN_EMPTY_BODY = YES;
				CLANG_WARN_ENUM_CONVERSION = YES;
				CLANG_WARN_INFINITE_RECURSION = YES;
				CLANG_WARN_INT_CONVERSION = YES;
				CLANG_WARN_NON_LITERAL_NULL_CONVERSION = YES;
				CLANG_WARN_OBJC_IMPLICIT_RETAIN_SELF = YES;
				CLANG_WARN_OBJC_LITERAL_CONVERSION = YES;
				CLANG_WARN_OBJC_ROOT_CLASS = YES_ERROR;
				CLANG_WARN_QUOTED_INCLUDE_IN_FRAMEWORK_HEADER = YES;
				CLANG_WARN_RANGE_LOOP_ANALYSIS = YES;
				CLANG_WARN_STRICT_PROTOTYPES = YES;
				CLANG_WARN_SUSPICIOUS_MOVE = YES;
				CLANG_WARN_UNGUARDED_AVAILABILITY = YES_AGGRESSIVE;
				CLANG_WARN_UNREACHABLE_CODE = YES;
				CLANG_WARN__DUPLICATE_METHOD_MATCH = YES;
				COPY_PHASE_STRIP = NO;
				DEBUG_INFORMATION_FORMAT = dwarf;
				ENABLE_STRICT_OBJC_MSGSEND = YES;
				ENABLE_TESTABILITY = YES;
				ENABLE_USER_SCRIPT_SANDBOXING = YES;
				GCC_C_LANGUAGE_STANDARD = gnu17;
				GCC_DYNAMIC_NO_PIC = NO;
				GCC_NO_COMMON_BLOCKS = YES;
				GCC_OPTIMIZATION_LEVEL = 0;
				GCC_PREPROCESSOR_DEFINITIONS = (
					"DEBUG=1",
					"$(inherited)",
				);
				GCC_WARN_64_TO_32_BIT_CONVERSION = YES;
				GCC_WARN_ABOUT_RETURN_TYPE = YES_ERROR;
				GCC_WARN_UNDECLARED_SELECTOR = YES;
				GCC_WARN_UNINITIALIZED_AUTOS = YES_AGGRESSIVE;
				GCC_WARN_UNUSED_FUNCTION = YES;
				GCC_WARN_UNUSED_VARIABLE = YES;
				IPHONEOS_DEPLOYMENT_TARGET = 17.0;
				LOCALIZATION_PREFERS_STRING_CATALOGS = YES;
				MTL_ENABLE_DEBUG_INFO = INCLUDE_SOURCE;
				MTL_FAST_MATH = YES;
				ONLY_ACTIVE_ARCH = YES;
				SDKROOT = iphoneos;
				SWIFT_ACTIVE_COMPILATION_CONDITIONS = "DEBUG $(inherited)";
				SWIFT_OPTIMIZATION_LEVEL = "-Onone";
			};
			name = Debug;
		};
		A146B6D02B271AF600A3650E /* Release */ = {
			isa = XCBuildConfiguration;
			buildSettings = {
				ALWAYS_SEARCH_USER_PATHS = NO;
				ASSETCATALOG_COMPILER_GENERATE_SWIFT_ASSET_SYMBOL_EXTENSIONS = YES;
				CLANG_ANALYZER_NONNULL = YES;
				CLANG_ANALYZER_NUMBER_OBJECT_CONVERSION = YES_AGGRESSIVE;
				CLANG_CXX_LANGUAGE_STANDARD = "gnu++20";
				CLANG_ENABLE_MODULES = YES;
				CLANG_ENABLE_OBJC_ARC = YES;
				CLANG_ENABLE_OBJC_WEAK = YES;
				CLANG_WARN_BLOCK_CAPTURE_AUTORELEASING = YES;
				CLANG_WARN_BOOL_CONVERSION = YES;
				CLANG_WARN_COMMA = YES;
				CLANG_WARN_CONSTANT_CONVERSION = YES;
				CLANG_WARN_DEPRECATED_OBJC_IMPLEMENTATIONS = YES;
				CLANG_WARN_DIRECT_OBJC_ISA_USAGE = YES_ERROR;
				CLANG_WARN_DOCUMENTATION_COMMENTS = YES;
				CLANG_WARN_EMPTY_BODY = YES;
				CLANG_WARN_ENUM_CONVERSION = YES;
				CLANG_WARN_INFINITE_RECURSION = YES;
				CLANG_WARN_INT_CONVERSION = YES;
				CLANG_WARN_NON_LITERAL_NULL_CONVERSION = YES;
				CLANG_WARN_OBJC_IMPLICIT_RETAIN_SELF = YES;
				CLANG_WARN_OBJC_LITERAL_CONVERSION = YES;
				CLANG_WARN_OBJC_ROOT_CLASS = YES_ERROR;
				CLANG_WARN_QUOTED_INCLUDE_IN_FRAMEWORK_HEADER = YES;
				CLANG_WARN_RANGE_LOOP_ANALYSIS = YES;
				CLANG_WARN_STRICT_PROTOTYPES = YES;
				CLANG_WARN_SUSPICIOUS_MOVE = YES;
				CLANG_WARN_UNGUARDED_AVAILABILITY = YES_AGGRESSIVE;
				CLANG_WARN_UNREACHABLE_CODE = YES;
				CLANG_WARN__DUPLICATE_METHOD_MATCH = YES;
				COPY_PHASE_STRIP = NO;
				DEBUG_INFORMATION_FORMAT = "dwarf-with-dsym";
				ENABLE_NS_ASSERTIONS = NO;
				ENABLE_STRICT_OBJC_MSGSEND = YES;
				ENABLE_USER_SCRIPT_SANDBOXING = YES;
				GCC_C_LANGUAGE_STANDARD = gnu17;
				GCC_NO_COMMON_BLOCKS = YES;
				GCC_WARN_64_TO_32_BIT_CONVERSION = YES;
				GCC_WARN_ABOUT_RETURN_TYPE = YES_ERROR;
				GCC_WARN_UNDECLARED_SELECTOR = YES;
				GCC_WARN_UNINITIALIZED_AUTOS = YES_AGGRESSIVE;
				GCC_WARN_UNUSED_FUNCTION = YES;
				GCC_WARN_UNUSED_VARIABLE = YES;
				IPHONEOS_DEPLOYMENT_TARGET = 17.0;
				LOCALIZATION_PREFERS_STRING_CATALOGS = YES;
				MTL_ENABLE_DEBUG_INFO = NO;
				MTL_FAST_MATH = YES;
				SDKROOT = iphoneos;
				SWIFT_COMPILATION_MODE = wholemodule;
				VALIDATE_PRODUCT = YES;
			};
			name = Release;
		};
		A146B6D22B271AF600A3650E /* Debug */ = {
			isa = XCBuildConfiguration;
			buildSettings = {
				ASSETCATALOG_COMPILER_APPICON_NAME = AppIcon;
				ASSETCATALOG_COMPILER_GLOBAL_ACCENT_COLOR_NAME = AccentColor;
				CODE_SIGN_STYLE = Automatic;
				CURRENT_PROJECT_VERSION = 1;
				DEVELOPMENT_ASSET_PATHS = "\"AllInOne/Preview Content\"";
				DEVELOPMENT_TEAM = XC2NYMLMQY;
				ENABLE_PREVIEWS = YES;
				GENERATE_INFOPLIST_FILE = YES;
				INFOPLIST_KEY_UIApplicationSceneManifest_Generation = YES;
				INFOPLIST_KEY_UIApplicationSupportsIndirectInputEvents = YES;
				INFOPLIST_KEY_UILaunchScreen_Generation = YES;
				INFOPLIST_KEY_UISupportedInterfaceOrientations_iPad = "UIInterfaceOrientationPortrait UIInterfaceOrientationPortraitUpsideDown UIInterfaceOrientationLandscapeLeft UIInterfaceOrientationLandscapeRight";
				INFOPLIST_KEY_UISupportedInterfaceOrientations_iPhone = "UIInterfaceOrientationPortrait UIInterfaceOrientationLandscapeLeft UIInterfaceOrientationLandscapeRight";
				LD_RUNPATH_SEARCH_PATHS = (
					"$(inherited)",
					"@executable_path/Frameworks",
				);
				MARKETING_VERSION = 1.0;
				PRODUCT_BUNDLE_IDENTIFIER = com.suri.myExpense;
				PRODUCT_NAME = "$(TARGET_NAME)";
				SWIFT_EMIT_LOC_STRINGS = YES;
				SWIFT_VERSION = 5.0;
				TARGETED_DEVICE_FAMILY = "1,2";
			};
			name = Debug;
		};
		A146B6D32B271AF600A3650E /* Release */ = {
			isa = XCBuildConfiguration;
			buildSettings = {
				ASSETCATALOG_COMPILER_APPICON_NAME = AppIcon;
				ASSETCATALOG_COMPILER_GLOBAL_ACCENT_COLOR_NAME = AccentColor;
				CODE_SIGN_STYLE = Automatic;
				CURRENT_PROJECT_VERSION = 1;
				DEVELOPMENT_ASSET_PATHS = "\"AllInOne/Preview Content\"";
				DEVELOPMENT_TEAM = XC2NYMLMQY;
				ENABLE_PREVIEWS = YES;
				GENERATE_INFOPLIST_FILE = YES;
				INFOPLIST_KEY_UIApplicationSceneManifest_Generation = YES;
				INFOPLIST_KEY_UIApplicationSupportsIndirectInputEvents = YES;
				INFOPLIST_KEY_UILaunchScreen_Generation = YES;
				INFOPLIST_KEY_UISupportedInterfaceOrientations_iPad = "UIInterfaceOrientationPortrait UIInterfaceOrientationPortraitUpsideDown UIInterfaceOrientationLandscapeLeft UIInterfaceOrientationLandscapeRight";
				INFOPLIST_KEY_UISupportedInterfaceOrientations_iPhone = "UIInterfaceOrientationPortrait UIInterfaceOrientationLandscapeLeft UIInterfaceOrientationLandscapeRight";
				LD_RUNPATH_SEARCH_PATHS = (
					"$(inherited)",
					"@executable_path/Frameworks",
				);
				MARKETING_VERSION = 1.0;
				PRODUCT_BUNDLE_IDENTIFIER = com.suri.myExpense;
				PRODUCT_NAME = "$(TARGET_NAME)";
				SWIFT_EMIT_LOC_STRINGS = YES;
				SWIFT_VERSION = 5.0;
				TARGETED_DEVICE_FAMILY = "1,2";
			};
			name = Release;
		};
/* End XCBuildConfiguration section */

/* Begin XCConfigurationList section */
		A146B6BE2B271AF400A3650E /* Build configuration list for PBXProject "AllInOne" */ = {
			isa = XCConfigurationList;
			buildConfigurations = (
				A146B6CF2B271AF600A3650E /* Debug */,
				A146B6D02B271AF600A3650E /* Release */,
			);
			defaultConfigurationIsVisible = 0;
			defaultConfigurationName = Release;
		};
		A146B6D12B271AF600A3650E /* Build configuration list for PBXNativeTarget "AllInOne" */ = {
			isa = XCConfigurationList;
			buildConfigurations = (
				A146B6D22B271AF600A3650E /* Debug */,
				A146B6D32B271AF600A3650E /* Release */,
			);
			defaultConfigurationIsVisible = 0;
			defaultConfigurationName = Release;
		};
/* End XCConfigurationList section */

/* Begin XCRemoteSwiftPackageReference section */
		A166B9122B27E343001D1CC6 /* XCRemoteSwiftPackageReference "firebase-ios-sdk" */ = {
			isa = XCRemoteSwiftPackageReference;
			repositoryURL = "https://github.com/firebase/firebase-ios-sdk.git";
			requirement = {
				kind = upToNextMajorVersion;
				minimumVersion = 10.19.0;
			};
		};
/* End XCRemoteSwiftPackageReference section */

/* Begin XCSwiftPackageProductDependency section */
		A166B9132B27E343001D1CC6 /* FirebaseAnalytics */ = {
			isa = XCSwiftPackageProductDependency;
			package = A166B9122B27E343001D1CC6 /* XCRemoteSwiftPackageReference "firebase-ios-sdk" */;
			productName = FirebaseAnalytics;
		};
		A166B9152B27E343001D1CC6 /* FirebaseAnalyticsOnDeviceConversion */ = {
			isa = XCSwiftPackageProductDependency;
			package = A166B9122B27E343001D1CC6 /* XCRemoteSwiftPackageReference "firebase-ios-sdk" */;
			productName = FirebaseAnalyticsOnDeviceConversion;
		};
		A166B9172B27E343001D1CC6 /* FirebaseAnalyticsSwift */ = {
			isa = XCSwiftPackageProductDependency;
			package = A166B9122B27E343001D1CC6 /* XCRemoteSwiftPackageReference "firebase-ios-sdk" */;
			productName = FirebaseAnalyticsSwift;
		};
		A166B9192B27E343001D1CC6 /* FirebaseAnalyticsWithoutAdIdSupport */ = {
			isa = XCSwiftPackageProductDependency;
			package = A166B9122B27E343001D1CC6 /* XCRemoteSwiftPackageReference "firebase-ios-sdk" */;
			productName = FirebaseAnalyticsWithoutAdIdSupport;
		};
		A166B91B2B27E343001D1CC6 /* FirebaseAppCheck */ = {
			isa = XCSwiftPackageProductDependency;
			package = A166B9122B27E343001D1CC6 /* XCRemoteSwiftPackageReference "firebase-ios-sdk" */;
			productName = FirebaseAppCheck;
		};
		A166B93C2B27E4B7001D1CC6 /* FirebaseAnalytics */ = {
			isa = XCSwiftPackageProductDependency;
			package = A166B9122B27E343001D1CC6 /* XCRemoteSwiftPackageReference "firebase-ios-sdk" */;
			productName = FirebaseAnalytics;
		};
		A166B93E2B27E4B7001D1CC6 /* FirebaseAnalyticsOnDeviceConversion */ = {
			isa = XCSwiftPackageProductDependency;
			package = A166B9122B27E343001D1CC6 /* XCRemoteSwiftPackageReference "firebase-ios-sdk" */;
			productName = FirebaseAnalyticsOnDeviceConversion;
		};
		A166B9402B27E4B7001D1CC6 /* FirebaseAnalyticsSwift */ = {
			isa = XCSwiftPackageProductDependency;
			package = A166B9122B27E343001D1CC6 /* XCRemoteSwiftPackageReference "firebase-ios-sdk" */;
			productName = FirebaseAnalyticsSwift;
		};
		A166B9422B27E4B7001D1CC6 /* FirebaseAnalyticsWithoutAdIdSupport */ = {
			isa = XCSwiftPackageProductDependency;
			package = A166B9122B27E343001D1CC6 /* XCRemoteSwiftPackageReference "firebase-ios-sdk" */;
			productName = FirebaseAnalyticsWithoutAdIdSupport;
		};
		A166B9442B27E4B7001D1CC6 /* FirebaseAppCheck */ = {
			isa = XCSwiftPackageProductDependency;
			package = A166B9122B27E343001D1CC6 /* XCRemoteSwiftPackageReference "firebase-ios-sdk" */;
			productName = FirebaseAppCheck;
		};
		A166B9462B27E4B7001D1CC6 /* FirebaseAppDistribution-Beta */ = {
			isa = XCSwiftPackageProductDependency;
			package = A166B9122B27E343001D1CC6 /* XCRemoteSwiftPackageReference "firebase-ios-sdk" */;
			productName = "FirebaseAppDistribution-Beta";
		};
		A166B9482B27E4B7001D1CC6 /* FirebaseAuth */ = {
			isa = XCSwiftPackageProductDependency;
			package = A166B9122B27E343001D1CC6 /* XCRemoteSwiftPackageReference "firebase-ios-sdk" */;
			productName = FirebaseAuth;
		};
		A166B94A2B27E4B7001D1CC6 /* FirebaseAuthCombine-Community */ = {
			isa = XCSwiftPackageProductDependency;
			package = A166B9122B27E343001D1CC6 /* XCRemoteSwiftPackageReference "firebase-ios-sdk" */;
			productName = "FirebaseAuthCombine-Community";
		};
		A166B94C2B27E4B7001D1CC6 /* FirebaseCrashlytics */ = {
			isa = XCSwiftPackageProductDependency;
			package = A166B9122B27E343001D1CC6 /* XCRemoteSwiftPackageReference "firebase-ios-sdk" */;
			productName = FirebaseCrashlytics;
		};
		A166B94E2B27E4B7001D1CC6 /* FirebaseDatabase */ = {
			isa = XCSwiftPackageProductDependency;
			package = A166B9122B27E343001D1CC6 /* XCRemoteSwiftPackageReference "firebase-ios-sdk" */;
			productName = FirebaseDatabase;
		};
		A166B9502B27E4B7001D1CC6 /* FirebaseDatabaseSwift */ = {
			isa = XCSwiftPackageProductDependency;
			package = A166B9122B27E343001D1CC6 /* XCRemoteSwiftPackageReference "firebase-ios-sdk" */;
			productName = FirebaseDatabaseSwift;
		};
		A166B9522B27E4B7001D1CC6 /* FirebaseDynamicLinks */ = {
			isa = XCSwiftPackageProductDependency;
			package = A166B9122B27E343001D1CC6 /* XCRemoteSwiftPackageReference "firebase-ios-sdk" */;
			productName = FirebaseDynamicLinks;
		};
		A166B9542B27E4B7001D1CC6 /* FirebaseFirestoreCombine-Community */ = {
			isa = XCSwiftPackageProductDependency;
			package = A166B9122B27E343001D1CC6 /* XCRemoteSwiftPackageReference "firebase-ios-sdk" */;
			productName = "FirebaseFirestoreCombine-Community";
		};
		A166B9562B27E4B7001D1CC6 /* FirebaseFirestoreSwift */ = {
			isa = XCSwiftPackageProductDependency;
			package = A166B9122B27E343001D1CC6 /* XCRemoteSwiftPackageReference "firebase-ios-sdk" */;
			productName = FirebaseFirestoreSwift;
		};
		A166B9582B27E4B7001D1CC6 /* FirebaseFunctions */ = {
			isa = XCSwiftPackageProductDependency;
			package = A166B9122B27E343001D1CC6 /* XCRemoteSwiftPackageReference "firebase-ios-sdk" */;
			productName = FirebaseFunctions;
		};
		A166B95A2B27E4B7001D1CC6 /* FirebaseFunctionsCombine-Community */ = {
			isa = XCSwiftPackageProductDependency;
			package = A166B9122B27E343001D1CC6 /* XCRemoteSwiftPackageReference "firebase-ios-sdk" */;
			productName = "FirebaseFunctionsCombine-Community";
		};
		A166B95C2B27E4B7001D1CC6 /* FirebaseInAppMessaging-Beta */ = {
			isa = XCSwiftPackageProductDependency;
			package = A166B9122B27E343001D1CC6 /* XCRemoteSwiftPackageReference "firebase-ios-sdk" */;
			productName = "FirebaseInAppMessaging-Beta";
		};
		A166B95E2B27E4B7001D1CC6 /* FirebaseInAppMessagingSwift-Beta */ = {
			isa = XCSwiftPackageProductDependency;
			package = A166B9122B27E343001D1CC6 /* XCRemoteSwiftPackageReference "firebase-ios-sdk" */;
			productName = "FirebaseInAppMessagingSwift-Beta";
		};
		A166B9602B27E4B7001D1CC6 /* FirebaseInstallations */ = {
			isa = XCSwiftPackageProductDependency;
			package = A166B9122B27E343001D1CC6 /* XCRemoteSwiftPackageReference "firebase-ios-sdk" */;
			productName = FirebaseInstallations;
		};
		A166B9622B27E4B7001D1CC6 /* FirebaseMLModelDownloader */ = {
			isa = XCSwiftPackageProductDependency;
			package = A166B9122B27E343001D1CC6 /* XCRemoteSwiftPackageReference "firebase-ios-sdk" */;
			productName = FirebaseMLModelDownloader;
		};
		A166B9642B27E4B7001D1CC6 /* FirebaseMessaging */ = {
			isa = XCSwiftPackageProductDependency;
			package = A166B9122B27E343001D1CC6 /* XCRemoteSwiftPackageReference "firebase-ios-sdk" */;
			productName = FirebaseMessaging;
		};
		A166B9662B27E4B7001D1CC6 /* FirebasePerformance */ = {
			isa = XCSwiftPackageProductDependency;
			package = A166B9122B27E343001D1CC6 /* XCRemoteSwiftPackageReference "firebase-ios-sdk" */;
			productName = FirebasePerformance;
		};
		A166B9682B27E4B7001D1CC6 /* FirebaseRemoteConfig */ = {
			isa = XCSwiftPackageProductDependency;
			package = A166B9122B27E343001D1CC6 /* XCRemoteSwiftPackageReference "firebase-ios-sdk" */;
			productName = FirebaseRemoteConfig;
		};
		A166B96A2B27E4B7001D1CC6 /* FirebaseRemoteConfigSwift */ = {
			isa = XCSwiftPackageProductDependency;
			package = A166B9122B27E343001D1CC6 /* XCRemoteSwiftPackageReference "firebase-ios-sdk" */;
			productName = FirebaseRemoteConfigSwift;
		};
		A166B96C2B27E4B7001D1CC6 /* FirebaseStorage */ = {
			isa = XCSwiftPackageProductDependency;
			package = A166B9122B27E343001D1CC6 /* XCRemoteSwiftPackageReference "firebase-ios-sdk" */;
			productName = FirebaseStorage;
		};
		A166B96E2B27E4B7001D1CC6 /* FirebaseStorageCombine-Community */ = {
			isa = XCSwiftPackageProductDependency;
			package = A166B9122B27E343001D1CC6 /* XCRemoteSwiftPackageReference "firebase-ios-sdk" */;
			productName = "FirebaseStorageCombine-Community";
		};
/* End XCSwiftPackageProductDependency section */
	};
	rootObject = A146B6BB2B271AF400A3650E /* Project object */;
}
